<?xml version="1.0" encoding="utf-8"?>
<Project xmlns="http://schemas.microsoft.com/developer/msbuild/2003">
  <ItemGroup>
    <Filter Include="Generated Files">
      <UniqueIdentifier>{71ED8ED8-ACB9-4CE9-BBE1-E00B30144E11}</UniqueIdentifier>
      <Extensions>cpp;c;cxx;moc;h;def;odl;idl;res;</Extensions>
    </Filter>
    <Filter Include="Generated Files">
      <UniqueIdentifier>{71ED8ED8-ACB9-4CE9-BBE1-E00B30144E11}</UniqueIdentifier>
      <Extensions>cpp;c;cxx;moc;h;def;odl;idl;res;</Extensions>
    </Filter>
    <Filter Include="Header Files">
      <UniqueIdentifier>{93995380-89BD-4b04-88EB-625FBE52EBFB}</UniqueIdentifier>
      <Extensions>h;hpp;hxx;hm;inl;inc;xsd</Extensions>
    </Filter>
    <Filter Include="Header Files">
      <UniqueIdentifier>{93995380-89BD-4b04-88EB-625FBE52EBFB}</UniqueIdentifier>
      <Extensions>h;hpp;hxx;hm;inl;inc;xsd</Extensions>
    </Filter>
    <Filter Include="Source Files">
      <UniqueIdentifier>{4FC737F1-C7A5-4376-A066-2A32D752A2FF}</UniqueIdentifier>
      <Extensions>cpp;c;cxx;def;odl;idl;hpj;bat;asm;asmx</Extensions>
    </Filter>
    <Filter Include="Source Files">
      <UniqueIdentifier>{4FC737F1-C7A5-4376-A066-2A32D752A2FF}</UniqueIdentifier>
      <Extensions>cpp;c;cxx;def;odl;idl;hpj;bat;asm;asmx</Extensions>
    </Filter>
  </ItemGroup>
  <ItemGroup>
    <ClCompile Include="win\C\7zCrc.c">
      <Filter>Source Files</Filter>
    </ClCompile>
    <ClCompile Include="win\C\7zCrcOpt.c">
      <Filter>Source Files</Filter>
    </ClCompile>
    <ClCompile Include="win\CPP\7zip\Archive\7z\7zDecode.cpp">
      <Filter>Source Files</Filter>
    </ClCompile>
    <ClCompile Include="win\CPP\7zip\Archive\7z\7zEncode.cpp">
      <Filter>Source Files</Filter>
    </ClCompile>
    <ClCompile Include="win\CPP\7zip\Archive\7z\7zExtract.cpp">
      <Filter>Source Files</Filter>
    </ClCompile>
    <ClCompile Include="win\CPP\7zip\Archive\7z\7zFolderInStream.cpp">
      <Filter>Source Files</Filter>
    </ClCompile>
    <ClCompile Include="win\CPP\7zip\Archive\7z\7zFolderOutStream.cpp">
      <Filter>Source Files</Filter>
    </ClCompile>
    <ClCompile Include="win\CPP\7zip\Archive\7z\7zHandler.cpp">
      <Filter>Source Files</Filter>
    </ClCompile>
    <ClCompile Include="win\CPP\7zip\Archive\7z\7zHandlerOut.cpp">
      <Filter>Source Files</Filter>
    </ClCompile>
    <ClCompile Include="win\CPP\7zip\Archive\7z\7zHeader.cpp">
      <Filter>Source Files</Filter>
    </ClCompile>
    <ClCompile Include="win\CPP\7zip\Archive\7z\7zIn.cpp">
      <Filter>Source Files</Filter>
    </ClCompile>
    <ClCompile Include="win\CPP\7zip\Archive\7z\7zOut.cpp">
      <Filter>Source Files</Filter>
    </ClCompile>
    <ClCompile Include="win\CPP\7zip\Archive\7z\7zProperties.cpp">
      <Filter>Source Files</Filter>
    </ClCompile>
    <ClCompile Include="win\CPP\7zip\Archive\7z\7zRegister.cpp">
      <Filter>Source Files</Filter>
    </ClCompile>
    <ClCompile Include="win\CPP\7zip\Archive\7z\7zSpecStream.cpp">
      <Filter>Source Files</Filter>
    </ClCompile>
    <ClCompile Include="win\C\7zStream.c">
      <Filter>Source Files</Filter>
    </ClCompile>
    <ClCompile Include="win\CPP\7zip\Archive\7z\7zUpdate.cpp">
      <Filter>Source Files</Filter>
    </ClCompile>
    <ClCompile Include="win\C\Alloc.c">
      <Filter>Source Files</Filter>
    </ClCompile>
    <ClCompile Include="win\CPP\7zip\UI\Common\ArchiveCommandLine.cpp">
      <Filter>Source Files</Filter>
    </ClCompile>
    <ClCompile Include="win\CPP\7zip\UI\Common\ArchiveExtractCallback.cpp">
      <Filter>Source Files</Filter>
    </ClCompile>
    <ClCompile Include="win\CPP\7zip\UI\Common\ArchiveOpenCallback.cpp">
      <Filter>Source Files</Filter>
    </ClCompile>
    <ClCompile Include="win\CPP\7zip\Compress\Bcj2Coder.cpp">
      <Filter>Source Files</Filter>
    </ClCompile>
    <ClCompile Include="win\CPP\7zip\Compress\Bcj2Register.cpp">
      <Filter>Source Files</Filter>
    </ClCompile>
    <ClCompile Include="win\CPP\7zip\Compress\BcjCoder.cpp">
      <Filter>Source Files</Filter>
    </ClCompile>
    <ClCompile Include="win\CPP\7zip\Compress\BcjRegister.cpp">
      <Filter>Source Files</Filter>
    </ClCompile>
    <ClCompile Include="win\C\Bra.c">
      <Filter>Source Files</Filter>
    </ClCompile>
    <ClCompile Include="win\C\Bra86.c">
      <Filter>Source Files</Filter>
    </ClCompile>
    <ClCompile Include="win\C\BraIA64.c">
      <Filter>Source Files</Filter>
    </ClCompile>
    <ClCompile Include="win\CPP\7zip\Compress\BranchCoder.cpp">
      <Filter>Source Files</Filter>
    </ClCompile>
    <ClCompile Include="win\CPP\7zip\Compress\BranchMisc.cpp">
      <Filter>Source Files</Filter>
    </ClCompile>
    <ClCompile Include="win\CPP\7zip\Compress\BranchRegister.cpp">
      <Filter>Source Files</Filter>
    </ClCompile>
    <ClCompile Include="win\CPP\7zip\Compress\ByteSwap.cpp">
      <Filter>Source Files</Filter>
    </ClCompile>
    <ClCompile Include="win\CPP\7zip\Common\CWrappers.cpp">
      <Filter>Source Files</Filter>
    </ClCompile>
    <ClCompile Include="win\CPP\7zip\Archive\Common\CoderMixer2.cpp">
      <Filter>Source Files</Filter>
    </ClCompile>
    <ClCompile Include="win\CPP\7zip\Archive\Common\CoderMixer2MT.cpp">
      <Filter>Source Files</Filter>
    </ClCompile>
    <ClCompile Include="win\CPP\Common\CommandLineParser.cpp">
      <Filter>Source Files</Filter>
    </ClCompile>
    <ClCompile Include="win\CPP\7zip\Compress\CopyCoder.cpp">
      <Filter>Source Files</Filter>
    </ClCompile>
    <ClCompile Include="win\CPP\7zip\Compress\CopyRegister.cpp">
      <Filter>Source Files</Filter>
    </ClCompile>
    <ClCompile Include="win\C\CpuArch.c">
      <Filter>Source Files</Filter>
    </ClCompile>
    <ClCompile Include="win\CPP\7zip\Common\CreateCoder.cpp">
      <Filter>Source Files</Filter>
    </ClCompile>
    <ClCompile Include="win\CPP\Windows\DLL.cpp">
      <Filter>Source Files</Filter>
    </ClCompile>
    <ClCompile Include="win\CPP\7zip\UI\Common\DefaultName.cpp">
      <Filter>Source Files</Filter>
    </ClCompile>
    <ClCompile Include="win\C\Delta.c">
      <Filter>Source Files</Filter>
    </ClCompile>
    <ClCompile Include="win\CPP\7zip\Compress\DeltaFilter.cpp">
      <Filter>Source Files</Filter>
    </ClCompile>
    <ClCompile Include="win\CPP\7zip\Archive\Common\DummyOutStream.cpp">
      <Filter>Source Files</Filter>
    </ClCompile>
    <ClCompile Include="win\CPP\7zip\UI\Common\EnumDirItems.cpp">
      <Filter>Source Files</Filter>
    </ClCompile>
    <ClCompile Include="win\CPP\7zip\UI\Common\Extract.cpp">
      <Filter>Source Files</Filter>
    </ClCompile>
    <ClCompile Include="win\CPP\7zip\UI\Common\ExtractingFilePath.cpp">
      <Filter>Source Files</Filter>
    </ClCompile>
    <ClCompile Include="win\CPP\Windows\FileDir.cpp">
      <Filter>Source Files</Filter>
    </ClCompile>
    <ClCompile Include="win\CPP\Windows\FileFind.cpp">
      <Filter>Source Files</Filter>
    </ClCompile>
    <ClCompile Include="win\CPP\Windows\FileIO.cpp">
      <Filter>Source Files</Filter>
    </ClCompile>
    <ClCompile Include="win\CPP\Windows\FileLink.cpp">
      <Filter>Source Files</Filter>
    </ClCompile>
    <ClCompile Include="win\CPP\Windows\FileName.cpp">
      <Filter>Source Files</Filter>
    </ClCompile>
    <ClCompile Include="win\CPP\7zip\Common\FilePathAutoRename.cpp">
      <Filter>Source Files</Filter>
    </ClCompile>
    <ClCompile Include="win\CPP\7zip\Common\FileStreams.cpp">
      <Filter>Source Files</Filter>
    </ClCompile>
    <ClCompile Include="win\CPP\7zip\Common\FilterCoder.cpp">
      <Filter>Source Files</Filter>
    </ClCompile>
    <ClCompile Include="win\CPP\7zip\Archive\Common\HandlerOut.cpp">
      <Filter>Source Files</Filter>
    </ClCompile>
    <ClCompile Include="win\CPP\7zip\UI\Common\HashCalc.cpp">
      <Filter>Source Files</Filter>
    </ClCompile>
    <ClCompile Include="win\CPP\7zip\Common\InBuffer.cpp">
      <Filter>Source Files</Filter>
    </ClCompile>
    <ClCompile Include="win\CPP\7zip\Common\InOutTempBuffer.cpp">
      <Filter>Source Files</Filter>
    </ClCompile>
    <ClCompile Include="win\CPP\7zip\Archive\Common\InStreamWithCRC.cpp">
      <Filter>Source Files</Filter>
    </ClCompile>
    <ClCompile Include="win\CPP\Common\IntToString.cpp">
      <Filter>Source Files</Filter>
    </ClCompile>
    <ClCompile Include="win\CPP\7zip\Archive\Common\ItemNameUtils.cpp">
      <Filter>Source Files</Filter>
    </ClCompile>
    <ClCompile Include="win\CPP\7zip\Common\LimitedStreams.cpp">
      <Filter>Source Files</Filter>
    </ClCompile>
    <ClCompile Include="win\CPP\Common\ListFileUtils.cpp">
      <Filter>Source Files</Filter>
    </ClCompile>
    <ClCompile Include="win\CPP\7zip\UI\Common\LoadCodecs.cpp">
      <Filter>Source Files</Filter>
    </ClCompile>
    <ClCompile Include="win\CPP\7zip\Common\LockedStream.cpp">
      <Filter>Source Files</Filter>
    </ClCompile>
    <ClCompile Include="win\C\LzFind.c">
      <Filter>Source Files</Filter>
    </ClCompile>
    <ClCompile Include="win\C\LzFindMt.c">
      <Filter>Source Files</Filter>
    </ClCompile>
    <ClCompile Include="win\C\Lzma2Dec.c">
      <Filter>Source Files</Filter>
    </ClCompile>
    <ClCompile Include="win\CPP\7zip\Compress\Lzma2Decoder.cpp">
      <Filter>Source Files</Filter>
    </ClCompile>
    <ClCompile Include="win\C\Lzma2Enc.c">
      <Filter>Source Files</Filter>
    </ClCompile>
    <ClCompile Include="win\CPP\7zip\Compress\Lzma2Encoder.cpp">
      <Filter>Source Files</Filter>
    </ClCompile>
    <ClCompile Include="win\CPP\7zip\Compress\Lzma2Register.cpp">
      <Filter>Source Files</Filter>
    </ClCompile>
    <ClCompile Include="win\C\LzmaDec.c">
      <Filter>Source Files</Filter>
    </ClCompile>
    <ClCompile Include="win\CPP\7zip\Compress\LzmaDecoder.cpp">
      <Filter>Source Files</Filter>
    </ClCompile>
    <ClCompile Include="win\C\LzmaEnc.c">
      <Filter>Source Files</Filter>
    </ClCompile>
    <ClCompile Include="win\CPP\7zip\Compress\LzmaEncoder.cpp">
      <Filter>Source Files</Filter>
    </ClCompile>
    <ClCompile Include="win\CPP\7zip\Archive\LzmaHandler.cpp">
      <Filter>Source Files</Filter>
    </ClCompile>
    <ClCompile Include="win\CPP\7zip\Compress\LzmaRegister.cpp">
      <Filter>Source Files</Filter>
    </ClCompile>
    <ClCompile Include="win\CPP\7zip\Common\MethodProps.cpp">
      <Filter>Source Files</Filter>
    </ClCompile>
    <ClCompile Include="win\C\MtCoder.c">
      <Filter>Source Files</Filter>
    </ClCompile>
    <ClCompile Include="win\CPP\7zip\Archive\Common\MultiStream.cpp">
      <Filter>Source Files</Filter>
    </ClCompile>
    <ClCompile Include="win\CPP\Common\MyString.cpp">
      <Filter>Source Files</Filter>
    </ClCompile>
    <ClCompile Include="win\CPP\Common\MyWindows.cpp">
      <Filter>Source Files</Filter>
    </ClCompile>
    <ClCompile Include="win\CPP\Common\NewHandler.cpp">
      <Filter>Source Files</Filter>
    </ClCompile>
    <ClCompile Include="win\CPP\7zip\UI\Common\OpenArchive.cpp">
      <Filter>Source Files</Filter>
    </ClCompile>
    <ClCompile Include="win\CPP\7zip\Common\OutBuffer.cpp">
      <Filter>Source Files</Filter>
    </ClCompile>
    <ClCompile Include="win\CPP\7zip\Archive\Common\OutStreamWithCRC.cpp">
      <Filter>Source Files</Filter>
    </ClCompile>
    <ClCompile Include="win\CPP\7zip\UI\Console\PercentPrinter.cpp">
      <Filter>Source Files</Filter>
    </ClCompile>
    <ClCompile Include="win\CPP\7zip\Common\ProgressUtils.cpp">
      <Filter>Source Files</Filter>
    </ClCompile>
    <ClCompile Include="win\CPP\7zip\UI\Common\PropIDUtils.cpp">
      <Filter>Source Files</Filter>
    </ClCompile>
    <ClCompile Include="win\CPP\7zip\Common\PropId.cpp">
      <Filter>Source Files</Filter>
    </ClCompile>
    <ClCompile Include="win\CPP\Windows\PropVariant.cpp">
      <Filter>Source Files</Filter>
    </ClCompile>
    <ClCompile Include="win\CPP\Windows\PropVariantConv.cpp">
      <Filter>Source Files</Filter>
    </ClCompile>
    <ClCompile Include="win\CPP\Windows\SecurityUtils.cpp">
      <Filter>Source Files</Filter>
    </ClCompile>
    <ClCompile Include="win\CPP\7zip\UI\Common\SetProperties.cpp">
      <Filter>Source Files</Filter>
    </ClCompile>
    <ClCompile Include="win\C\Sha256.c">
      <Filter>Source Files</Filter>
    </ClCompile>
    <ClCompile Include="win\CPP\7zip\UI\Common\SortUtils.cpp">
      <Filter>Source Files</Filter>
    </ClCompile>
    <ClCompile Include="win\CPP\7zip\Archive\SplitHandler.cpp">
      <Filter>Source Files</Filter>
    </ClCompile>
    <ClCompile Include="win\CPP\Common\StdOutStream.cpp">
      <Filter>Source Files</Filter>
    </ClCompile>
    <ClCompile Include="win\CPP\7zip\Common\StreamBinder.cpp">
      <Filter>Source Files</Filter>
    </ClCompile>
    <ClCompile Include="win\CPP\7zip\Common\StreamObjects.cpp">
      <Filter>Source Files</Filter>
    </ClCompile>
    <ClCompile Include="win\CPP\7zip\Common\StreamUtils.cpp">
      <Filter>Source Files</Filter>
    </ClCompile>
    <ClCompile Include="win\CPP\Common\StringConvert.cpp">
      <Filter>Source Files</Filter>
    </ClCompile>
    <ClCompile Include="win\CPP\Common\StringToInt.cpp">
      <Filter>Source Files</Filter>
    </ClCompile>
    <ClCompile Include="win\CPP\Windows\Synchronization.cpp">
      <Filter>Source Files</Filter>
    </ClCompile>
    <ClCompile Include="win\CPP\Windows\System.cpp">
      <Filter>Source Files</Filter>
    </ClCompile>
    <ClCompile Include="win\CPP\7zip\UI\Common\TempFiles.cpp">
      <Filter>Source Files</Filter>
    </ClCompile>
    <ClCompile Include="win\C\Threads.c">
      <Filter>Source Files</Filter>
    </ClCompile>
    <ClCompile Include="win\CPP\Windows\TimeUtils.cpp">
      <Filter>Source Files</Filter>
    </ClCompile>
    <ClCompile Include="win\CPP\Common\UTFConvert.cpp">
      <Filter>Source Files</Filter>
    </ClCompile>
    <ClCompile Include="win\CPP\7zip\Common\UniqBlocks.cpp">
      <Filter>Source Files</Filter>
    </ClCompile>
    <ClCompile Include="win\CPP\7zip\UI\Common\Update.cpp">
      <Filter>Source Files</Filter>
    </ClCompile>
    <ClCompile Include="win\CPP\7zip\UI\Common\UpdateAction.cpp">
      <Filter>Source Files</Filter>
    </ClCompile>
    <ClCompile Include="win\CPP\7zip\UI\Common\UpdateCallback.cpp">
      <Filter>Source Files</Filter>
    </ClCompile>
    <ClCompile Include="win\CPP\7zip\UI\Common\UpdatePair.cpp">
      <Filter>Source Files</Filter>
    </ClCompile>
    <ClCompile Include="win\CPP\7zip\UI\Common\UpdateProduce.cpp">
      <Filter>Source Files</Filter>
    </ClCompile>
    <ClCompile Include="win\CPP\7zip\Common\VirtThread.cpp">
      <Filter>Source Files</Filter>
    </ClCompile>
    <ClCompile Include="win\CPP\Common\Wildcard.cpp">
      <Filter>Source Files</Filter>
    </ClCompile>
    <ClCompile Include="win\C\Xz.c">
      <Filter>Source Files</Filter>
    </ClCompile>
    <ClCompile Include="win\C\XzCrc64.c">
      <Filter>Source Files</Filter>
    </ClCompile>
    <ClCompile Include="win\C\XzCrc64Opt.c">
      <Filter>Source Files</Filter>
    </ClCompile>
    <ClCompile Include="win\C\XzDec.c">
      <Filter>Source Files</Filter>
    </ClCompile>
    <ClCompile Include="win\C\XzEnc.c">
      <Filter>Source Files</Filter>
    </ClCompile>
    <ClCompile Include="win\CPP\7zip\Archive\XzHandler.cpp">
      <Filter>Source Files</Filter>
    </ClCompile>
    <ClCompile Include="win\C\XzIn.c">
      <Filter>Source Files</Filter>
    </ClCompile>
  </ItemGroup>
  <ItemGroup>
    <ClInclude Include="win\CPP\7zip\Archive\7z\7zCompressionMode.h">
      <Filter>Header Files</Filter>
    </ClInclude>
    <ClInclude Include="win\C\7zCrc.h">
      <Filter>Header Files</Filter>
    </ClInclude>
    <ClInclude Include="win\CPP\7zip\Archive\7z\7zDecode.h">
      <Filter>Header Files</Filter>
    </ClInclude>
    <ClInclude Include="win\CPP\7zip\Archive\7z\7zEncode.h">
      <Filter>Header Files</Filter>
    </ClInclude>
    <ClInclude Include="win\CPP\7zip\Archive\7z\7zFolderInStream.h">
      <Filter>Header Files</Filter>
    </ClInclude>
    <ClInclude Include="win\CPP\7zip\Archive\7z\7zFolderOutStream.h">
      <Filter>Header Files</Filter>
    </ClInclude>
    <ClInclude Include="win\CPP\7zip\Archive\7z\7zHandler.h">
      <Filter>Header Files</Filter>
    </ClInclude>
    <ClInclude Include="win\CPP\7zip\Archive\7z\7zHeader.h">
      <Filter>Header Files</Filter>
    </ClInclude>
    <ClInclude Include="win\CPP\7zip\Archive\7z\7zIn.h">
      <Filter>Header Files</Filter>
    </ClInclude>
    <ClInclude Include="win\CPP\7zip\Archive\7z\7zItem.h">
      <Filter>Header Files</Filter>
    </ClInclude>
    <ClInclude Include="win\CPP\7zip\Archive\7z\7zOut.h">
      <Filter>Header Files</Filter>
    </ClInclude>
    <ClInclude Include="win\CPP\7zip\Archive\7z\7zProperties.h">
      <Filter>Header Files</Filter>
    </ClInclude>
    <ClInclude Include="win\CPP\7zip\Archive\7z\7zSpecStream.h">
      <Filter>Header Files</Filter>
    </ClInclude>
    <ClInclude Include="win\C\7zTypes.h">
      <Filter>Header Files</Filter>
    </ClInclude>
    <ClInclude Include="win\CPP\7zip\Archive\7z\7zUpdate.h">
      <Filter>Header Files</Filter>
    </ClInclude>
    <ClInclude Include="win\C\7zVersion.h">
      <Filter>Header Files</Filter>
    </ClInclude>
    <ClInclude Include="win\C\Alloc.h">
      <Filter>Header Files</Filter>
    </ClInclude>
    <ClInclude Include="win\CPP\7zip\UI\Common\ArchiveCommandLine.h">
      <Filter>Header Files</Filter>
    </ClInclude>
    <ClInclude Include="win\CPP\7zip\UI\Common\ArchiveExtractCallback.h">
      <Filter>Header Files</Filter>
    </ClInclude>
    <ClInclude Include="win\CPP\7zip\UI\Common\ArchiveOpenCallback.h">
      <Filter>Header Files</Filter>
    </ClInclude>
    <ClInclude Include="win\CPP\7zip\Compress\Bcj2Coder.h">
      <Filter>Header Files</Filter>
    </ClInclude>
    <ClInclude Include="win\CPP\7zip\Compress\BcjCoder.h">
      <Filter>Header Files</Filter>
    </ClInclude>
    <ClInclude Include="win\C\Bra.h">
      <Filter>Header Files</Filter>
    </ClInclude>
    <ClInclude Include="win\CPP\7zip\Compress\BranchCoder.h">
      <Filter>Header Files</Filter>
    </ClInclude>
    <ClInclude Include="win\CPP\7zip\Compress\BranchMisc.h">
      <Filter>Header Files</Filter>
    </ClInclude>
    <ClInclude Include="win\CPP\7zip\Common\CWrappers.h">
      <Filter>Header Files</Filter>
    </ClInclude>
    <ClInclude Include="win\CPP\7zip\Archive\Common\CoderMixer2.h">
      <Filter>Header Files</Filter>
    </ClInclude>
    <ClInclude Include="win\CPP\7zip\Archive\Common\CoderMixer2MT.h">
      <Filter>Header Files</Filter>
    </ClInclude>
    <ClInclude Include="win\CPP\Common\ComTry.h">
      <Filter>Header Files</Filter>
    </ClInclude>
    <ClInclude Include="win\CPP\Common\CommandLineParser.h">
      <Filter>Header Files</Filter>
    </ClInclude>
    <ClInclude Include="win\CPP\Common\Common.h">
      <Filter>Header Files</Filter>
    </ClInclude>
    <ClInclude Include="win\C\Compiler.h">
      <Filter>Header Files</Filter>
    </ClInclude>
    <ClInclude Include="win\CPP\7zip\Compress\CopyCoder.h">
      <Filter>Header Files</Filter>
    </ClInclude>
    <ClInclude Include="win\C\CpuArch.h">
      <Filter>Header Files</Filter>
    </ClInclude>
    <ClInclude Include="win\CPP\7zip\Common\CreateCoder.h">
      <Filter>Header Files</Filter>
    </ClInclude>
    <ClInclude Include="win\CPP\Windows\DLL.h">
      <Filter>Header Files</Filter>
    </ClInclude>
    <ClInclude Include="win\CPP\7zip\UI\Common\DefaultName.h">
      <Filter>Header Files</Filter>
    </ClInclude>
    <ClInclude Include="win\CPP\Common\Defs.h">
      <Filter>Header Files</Filter>
    </ClInclude>
    <ClInclude Include="win\CPP\Windows\Defs.h">
      <Filter>Header Files</Filter>
    </ClInclude>
    <ClInclude Include="win\C\Delta.h">
      <Filter>Header Files</Filter>
    </ClInclude>
    <ClInclude Include="win\CPP\7zip\UI\Common\DirItem.h">
      <Filter>Header Files</Filter>
    </ClInclude>
    <ClInclude Include="win\CPP\7zip\Archive\Common\DummyOutStream.h">
      <Filter>Header Files</Filter>
    </ClInclude>
    <ClInclude Include="win\CPP\7zip\UI\Common\EnumDirItems.h">
      <Filter>Header Files</Filter>
    </ClInclude>
    <ClInclude Include="win\CPP\7zip\UI\Common\Extract.h">
      <Filter>Header Files</Filter>
    </ClInclude>
    <ClInclude Include="win\CPP\7zip\UI\Common\ExtractMode.h">
      <Filter>Header Files</Filter>
    </ClInclude>
    <ClInclude Include="win\CPP\7zip\UI\Common\ExtractingFilePath.h">
      <Filter>Header Files</Filter>
    </ClInclude>
    <ClInclude Include="win\CPP\Windows\FileDir.h">
      <Filter>Header Files</Filter>
    </ClInclude>
    <ClInclude Include="win\CPP\Windows\FileFind.h">
      <Filter>Header Files</Filter>
    </ClInclude>
    <ClInclude Include="win\CPP\Windows\FileIO.h">
      <Filter>Header Files</Filter>
    </ClInclude>
    <ClInclude Include="win\CPP\Windows\FileMapping.h">
      <Filter>Header Files</Filter>
    </ClInclude>
    <ClInclude Include="win\CPP\Windows\FileName.h">
      <Filter>Header Files</Filter>
    </ClInclude>
    <ClInclude Include="win\CPP\7zip\Common\FilePathAutoRename.h">
      <Filter>Header Files</Filter>
    </ClInclude>
    <ClInclude Include="win\CPP\7zip\Common\FileStreams.h">
      <Filter>Header Files</Filter>
    </ClInclude>
    <ClInclude Include="win\CPP\7zip\Common\FilterCoder.h">
      <Filter>Header Files</Filter>
    </ClInclude>
    <ClInclude Include="win\CPP\Windows\Handle.h">
      <Filter>Header Files</Filter>
    </ClInclude>
    <ClInclude Include="win\CPP\7zip\Archive\Common\HandlerOut.h">
      <Filter>Header Files</Filter>
    </ClInclude>
    <ClInclude Include="win\CPP\7zip\UI\Common\HashCalc.h">
      <Filter>Header Files</Filter>
    </ClInclude>
    <ClInclude Include="win\CPP\7zip\Archive\IArchive.h">
      <Filter>Header Files</Filter>
    </ClInclude>
    <ClInclude Include="win\CPP\7zip\ICoder.h">
      <Filter>Header Files</Filter>
    </ClInclude>
    <ClInclude Include="win\CPP\7zip\IDecl.h">
      <Filter>Header Files</Filter>
    </ClInclude>
    <ClInclude Include="win\CPP\7zip\UI\Common\IFileExtractCallback.h">
      <Filter>Header Files</Filter>
    </ClInclude>
    <ClInclude Include="win\CPP\7zip\IPassword.h">
      <Filter>Header Files</Filter>
    </ClInclude>
    <ClInclude Include="win\CPP\7zip\IProgress.h">
      <Filter>Header Files</Filter>
    </ClInclude>
    <ClInclude Include="win\CPP\7zip\IStream.h">
      <Filter>Header Files</Filter>
    </ClInclude>
    <ClInclude Include="win\CPP\7zip\Common\InBuffer.h">
      <Filter>Header Files</Filter>
    </ClInclude>
    <ClInclude Include="win\CPP\7zip\Common\InOutTempBuffer.h">
      <Filter>Header Files</Filter>
    </ClInclude>
    <ClInclude Include="win\CPP\7zip\Archive\Common\InStreamWithCRC.h">
      <Filter>Header Files</Filter>
    </ClInclude>
    <ClInclude Include="win\CPP\Common\IntToString.h">
      <Filter>Header Files</Filter>
    </ClInclude>
    <ClInclude Include="win\CPP\7zip\Archive\Common\ItemNameUtils.h">
      <Filter>Header Files</Filter>
    </ClInclude>
    <ClInclude Include="win\CPP\7zip\Common\LimitedStreams.h">
      <Filter>Header Files</Filter>
    </ClInclude>
    <ClInclude Include="win\CPP\Common\ListFileUtils.h">
      <Filter>Header Files</Filter>
    </ClInclude>
    <ClInclude Include="win\CPP\7zip\UI\Common\LoadCodecs.h">
      <Filter>Header Files</Filter>
    </ClInclude>
    <ClInclude Include="win\CPP\7zip\Common\LockedStream.h">
      <Filter>Header Files</Filter>
    </ClInclude>
    <ClInclude Include="win\C\LzFind.h">
      <Filter>Header Files</Filter>
    </ClInclude>
    <ClInclude Include="win\C\LzFindMt.h">
      <Filter>Header Files</Filter>
    </ClInclude>
    <ClInclude Include="win\C\LzHash.h">
      <Filter>Header Files</Filter>
    </ClInclude>
    <ClInclude Include="win\C\Lzma2Dec.h">
      <Filter>Header Files</Filter>
    </ClInclude>
    <ClInclude Include="win\CPP\7zip\Compress\Lzma2Decoder.h">
      <Filter>Header Files</Filter>
    </ClInclude>
    <ClInclude Include="win\C\Lzma2Enc.h">
      <Filter>Header Files</Filter>
    </ClInclude>
    <ClInclude Include="win\CPP\7zip\Compress\Lzma2Encoder.h">
      <Filter>Header Files</Filter>
    </ClInclude>
    <ClInclude Include="win\C\LzmaDec.h">
      <Filter>Header Files</Filter>
    </ClInclude>
    <ClInclude Include="win\CPP\7zip\Compress\LzmaDecoder.h">
      <Filter>Header Files</Filter>
    </ClInclude>
    <ClInclude Include="win\C\LzmaEnc.h">
      <Filter>Header Files</Filter>
    </ClInclude>
    <ClInclude Include="win\CPP\7zip\Compress\LzmaEncoder.h">
      <Filter>Header Files</Filter>
    </ClInclude>
    <ClInclude Include="win\CPP\7zip\Common\MethodId.h">
      <Filter>Header Files</Filter>
    </ClInclude>
    <ClInclude Include="win\CPP\7zip\Common\MethodProps.h">
      <Filter>Header Files</Filter>
    </ClInclude>
    <ClInclude Include="win\C\MtCoder.h">
      <Filter>Header Files</Filter>
    </ClInclude>
    <ClInclude Include="win\CPP\7zip\Archive\Common\MultiStream.h">
      <Filter>Header Files</Filter>
    </ClInclude>
    <ClInclude Include="win\CPP\Common\MyBuffer.h">
      <Filter>Header Files</Filter>
    </ClInclude>
    <ClInclude Include="win\CPP\Common\MyCom.h">
      <Filter>Header Files</Filter>
    </ClInclude>
    <ClInclude Include="win\CPP\Common\MyException.h">
      <Filter>Header Files</Filter>
    </ClInclude>
    <ClInclude Include="win\CPP\Common\MyGuidDef.h">
      <Filter>Header Files</Filter>
    </ClInclude>
    <ClInclude Include="win\CPP\Common\MyInitGuid.h">
      <Filter>Header Files</Filter>
    </ClInclude>
    <ClInclude Include="win\CPP\Common\MyString.h">
      <Filter>Header Files</Filter>
    </ClInclude>
    <ClInclude Include="win\CPP\Common\MyTypes.h">
      <Filter>Header Files</Filter>
    </ClInclude>
    <ClInclude Include="win\CPP\Common\MyUnknown.h">
      <Filter>Header Files</Filter>
    </ClInclude>
    <ClInclude Include="win\CPP\Common\MyVector.h">
      <Filter>Header Files</Filter>
    </ClInclude>
    <ClInclude Include="win\CPP\Common\MyWindows.h">
      <Filter>Header Files</Filter>
    </ClInclude>
    <ClInclude Include="win\CPP\Common\NewHandler.h">
      <Filter>Header Files</Filter>
    </ClInclude>
    <ClInclude Include="win\CPP\7zip\UI\Common\OpenArchive.h">
      <Filter>Header Files</Filter>
    </ClInclude>
    <ClInclude Include="win\CPP\7zip\Common\OutBuffer.h">
      <Filter>Header Files</Filter>
    </ClInclude>
    <ClInclude Include="win\CPP\7zip\Archive\Common\OutStreamWithCRC.h">
      <Filter>Header Files</Filter>
    </ClInclude>
    <ClInclude Include="win\CPP\7zip\Archive\Common\ParseProperties.h">
      <Filter>Header Files</Filter>
    </ClInclude>
    <ClInclude Include="win\CPP\7zip\UI\Console\PercentPrinter.h">
      <Filter>Header Files</Filter>
    </ClInclude>
    <ClInclude Include="win\C\Precomp.h">
      <Filter>Header Files</Filter>
    </ClInclude>
    <ClInclude Include="win\CPP\7zip\Common\ProgressUtils.h">
      <Filter>Header Files</Filter>
    </ClInclude>
    <ClInclude Include="win\CPP\7zip\PropID.h">
      <Filter>Header Files</Filter>
    </ClInclude>
    <ClInclude Include="win\CPP\7zip\UI\Common\PropIDUtils.h">
      <Filter>Header Files</Filter>
    </ClInclude>
    <ClInclude Include="win\CPP\Windows\PropVariant.h">
      <Filter>Header Files</Filter>
    </ClInclude>
    <ClInclude Include="win\CPP\Windows\PropVariantConv.h">
      <Filter>Header Files</Filter>
    </ClInclude>
    <ClInclude Include="win\CPP\7zip\UI\Common\Property.h">
      <Filter>Header Files</Filter>
    </ClInclude>
    <ClInclude Include="win\CPP\7zip\Compress\RangeCoder.h">
      <Filter>Header Files</Filter>
    </ClInclude>
    <ClInclude Include="win\CPP\7zip\Compress\RangeCoderBit.h">
      <Filter>Header Files</Filter>
    </ClInclude>
    <ClInclude Include="win\CPP\7zip\Common\RegisterArc.h">
      <Filter>Header Files</Filter>
    </ClInclude>
    <ClInclude Include="win\CPP\7zip\Common\RegisterCodec.h">
      <Filter>Header Files</Filter>
    </ClInclude>
    <ClInclude Include="win\C\RotateDefs.h">
      <Filter>Header Files</Filter>
    </ClInclude>
    <ClInclude Include="win\CPP\Windows\SecurityUtils.h">
      <Filter>Header Files</Filter>
    </ClInclude>
    <ClInclude Include="win\CPP\7zip\UI\Common\SetProperties.h">
      <Filter>Header Files</Filter>
    </ClInclude>
    <ClInclude Include="win\C\Sha256.h">
      <Filter>Header Files</Filter>
    </ClInclude>
    <ClInclude Include="win\CPP\7zip\UI\Common\SortUtils.h">
      <Filter>Header Files</Filter>
    </ClInclude>
    <ClInclude Include="win\CPP\7zip\Archive\7z\StdAfx.h">
      <Filter>Header Files</Filter>
    </ClInclude>
    <ClInclude Include="win\CPP\7zip\Archive\Common\StdAfx.h">
      <Filter>Header Files</Filter>
    </ClInclude>
    <ClInclude Include="win\CPP\7zip\Archive\StdAfx.h">
      <Filter>Header Files</Filter>
    </ClInclude>
    <ClInclude Include="win\CPP\7zip\Common\StdAfx.h">
      <Filter>Header Files</Filter>
    </ClInclude>
    <ClInclude Include="win\CPP\7zip\Compress\StdAfx.h">
      <Filter>Header Files</Filter>
    </ClInclude>
    <ClInclude Include="win\CPP\7zip\UI\Common\StdAfx.h">
      <Filter>Header Files</Filter>
    </ClInclude>
    <ClInclude Include="win\CPP\Common\StdAfx.h">
      <Filter>Header Files</Filter>
    </ClInclude>
    <ClInclude Include="win\CPP\Windows\StdAfx.h">
      <Filter>Header Files</Filter>
    </ClInclude>
    <ClInclude Include="win\CPP\Common\StdOutStream.h">
      <Filter>Header Files</Filter>
    </ClInclude>
    <ClInclude Include="win\CPP\7zip\Common\StreamBinder.h">
      <Filter>Header Files</Filter>
    </ClInclude>
    <ClInclude Include="win\CPP\7zip\Common\StreamObjects.h">
      <Filter>Header Files</Filter>
    </ClInclude>
    <ClInclude Include="win\CPP\7zip\Common\StreamUtils.h">
      <Filter>Header Files</Filter>
    </ClInclude>
    <ClInclude Include="win\CPP\Common\StringConvert.h">
      <Filter>Header Files</Filter>
    </ClInclude>
    <ClInclude Include="win\CPP\Common\StringToInt.h">
      <Filter>Header Files</Filter>
    </ClInclude>
    <ClInclude Include="win\CPP\Windows\Synchronization.h">
      <Filter>Header Files</Filter>
    </ClInclude>
    <ClInclude Include="win\CPP\Windows\System.h">
      <Filter>Header Files</Filter>
    </ClInclude>
    <ClInclude Include="win\CPP\7zip\UI\Common\TempFiles.h">
      <Filter>Header Files</Filter>
    </ClInclude>
    <ClInclude Include="win\CPP\Windows\Thread.h">
      <Filter>Header Files</Filter>
    </ClInclude>
    <ClInclude Include="win\C\Threads.h">
      <Filter>Header Files</Filter>
    </ClInclude>
    <ClInclude Include="win\CPP\Windows\TimeUtils.h">
      <Filter>Header Files</Filter>
    </ClInclude>
    <ClInclude Include="win\CPP\Common\UTFConvert.h">
      <Filter>Header Files</Filter>
    </ClInclude>
    <ClInclude Include="win\CPP\7zip\Common\UniqBlocks.h">
      <Filter>Header Files</Filter>
    </ClInclude>
    <ClInclude Include="win\CPP\7zip\UI\Common\Update.h">
      <Filter>Header Files</Filter>
    </ClInclude>
    <ClInclude Include="win\CPP\7zip\UI\Common\UpdateAction.h">
      <Filter>Header Files</Filter>
    </ClInclude>
    <ClInclude Include="win\CPP\7zip\UI\Common\UpdateCallback.h">
      <Filter>Header Files</Filter>
    </ClInclude>
    <ClInclude Include="win\CPP\7zip\UI\Common\UpdatePair.h">
      <Filter>Header Files</Filter>
    </ClInclude>
    <ClInclude Include="win\CPP\7zip\UI\Common\UpdateProduce.h">
      <Filter>Header Files</Filter>
    </ClInclude>
    <ClInclude Include="win\CPP\7zip\Common\VirtThread.h">
      <Filter>Header Files</Filter>
    </ClInclude>
    <ClInclude Include="win\CPP\Common\Wildcard.h">
      <Filter>Header Files</Filter>
    </ClInclude>
    <ClInclude Include="win\C\Xz.h">
      <Filter>Header Files</Filter>
    </ClInclude>
    <ClInclude Include="win\C\XzCrc64.h">
      <Filter>Header Files</Filter>
    </ClInclude>
    <ClInclude Include="win\C\XzEnc.h">
      <Filter>Header Files</Filter>
    </ClInclude>
  </ItemGroup>
  <ItemGroup>
    <CustomBuild Include="debug\moc_predefs.h.cbt">
      <Filter>Generated Files</Filter>
    </CustomBuild>
    <CustomBuild Include="release\moc_predefs.h.cbt">
      <Filter>Generated Files</Filter>
    </CustomBuild>
  </ItemGroup>
</Project>