<?xml version="1.0" encoding="utf-8"?>
<Project xmlns="http://schemas.microsoft.com/developer/msbuild/2003">
  <ItemGroup>
    <Filter Include="Form Files">
      <UniqueIdentifier>{99349809-55BA-4b9d-BF79-8FDBB0286EB3}</UniqueIdentifier>
      <Extensions>ui</Extensions>
      <ParseFiles>false</ParseFiles>
    </Filter>
    <Filter Include="Form Files">
      <UniqueIdentifier>{99349809-55BA-4b9d-BF79-8FDBB0286EB3}</UniqueIdentifier>
      <Extensions>ui</Extensions>
      <ParseFiles>false</ParseFiles>
    </Filter>
    <Filter Include="Generated Files">
      <UniqueIdentifier>{71ED8ED8-ACB9-4CE9-BBE1-E00B30144E11}</UniqueIdentifier>
      <Extensions>cpp;c;cxx;moc;h;def;odl;idl;res;</Extensions>
    </Filter>
    <Filter Include="Generated Files">
      <UniqueIdentifier>{71ED8ED8-ACB9-4CE9-BBE1-E00B30144E11}</UniqueIdentifier>
      <Extensions>cpp;c;cxx;moc;h;def;odl;idl;res;</Extensions>
    </Filter>
    <Filter Include="Header Files">
      <UniqueIdentifier>{93995380-89BD-4b04-88EB-625FBE52EBFB}</UniqueIdentifier>
      <Extensions>h;hpp;hxx;hm;inl;inc;xsd</Extensions>
    </Filter>
    <Filter Include="Header Files">
      <UniqueIdentifier>{93995380-89BD-4b04-88EB-625FBE52EBFB}</UniqueIdentifier>
      <Extensions>h;hpp;hxx;hm;inl;inc;xsd</Extensions>
    </Filter>
    <Filter Include="Resource Files">
      <UniqueIdentifier>{D9D6E242-F8AF-46E4-B9FD-80ECBC20BA3E}</UniqueIdentifier>
      <Extensions>qrc;*</Extensions>
      <ParseFiles>false</ParseFiles>
    </Filter>
    <Filter Include="Resource Files">
      <UniqueIdentifier>{D9D6E242-F8AF-46E4-B9FD-80ECBC20BA3E}</UniqueIdentifier>
      <Extensions>qrc;*</Extensions>
      <ParseFiles>false</ParseFiles>
    </Filter>
    <Filter Include="Source Files">
      <UniqueIdentifier>{4FC737F1-C7A5-4376-A066-2A32D752A2FF}</UniqueIdentifier>
      <Extensions>cpp;c;cxx;def;odl;idl;hpj;bat;asm;asmx</Extensions>
    </Filter>
    <Filter Include="Source Files">
      <UniqueIdentifier>{4FC737F1-C7A5-4376-A066-2A32D752A2FF}</UniqueIdentifier>
      <Extensions>cpp;c;cxx;def;odl;idl;hpj;bat;asm;asmx</Extensions>
    </Filter>
  </ItemGroup>
  <ItemGroup>
    <ClCompile Include="abstractfiletask.cpp">
      <Filter>Source Files</Filter>
    </ClCompile>
    <ClCompile Include="adminauthorization_win.cpp">
      <Filter>Source Files</Filter>
    </ClCompile>
    <ClCompile Include="aspectratiolabel.cpp">
      <Filter>Source Files</Filter>
    </ClCompile>
    <ClCompile Include="binarycontent.cpp">
      <Filter>Source Files</Filter>
    </ClCompile>
    <ClCompile Include="binaryformat.cpp">
      <Filter>Source Files</Filter>
    </ClCompile>
    <ClCompile Include="binaryformatengine.cpp">
      <Filter>Source Files</Filter>
    </ClCompile>
    <ClCompile Include="binaryformatenginehandler.cpp">
      <Filter>Source Files</Filter>
    </ClCompile>
    <ClCompile Include="binarylayout.cpp">
      <Filter>Source Files</Filter>
    </ClCompile>
    <ClCompile Include="commandlineparser.cpp">
      <Filter>Source Files</Filter>
    </ClCompile>
    <ClCompile Include="commandlineparser_p.cpp">
      <Filter>Source Files</Filter>
    </ClCompile>
    <ClCompile Include="component.cpp">
      <Filter>Source Files</Filter>
    </ClCompile>
    <ClCompile Include="component_p.cpp">
      <Filter>Source Files</Filter>
    </ClCompile>
    <ClCompile Include="componentchecker.cpp">
      <Filter>Source Files</Filter>
    </ClCompile>
    <ClCompile Include="componentmodel.cpp">
      <Filter>Source Files</Filter>
    </ClCompile>
    <ClCompile Include="componentselectionpage_p.cpp">
      <Filter>Source Files</Filter>
    </ClCompile>
    <ClCompile Include="consumeoutputoperation.cpp">
      <Filter>Source Files</Filter>
    </ClCompile>
    <ClCompile Include="copydirectoryoperation.cpp">
      <Filter>Source Files</Filter>
    </ClCompile>
    <ClCompile Include="copyfiletask.cpp">
      <Filter>Source Files</Filter>
    </ClCompile>
    <ClCompile Include="createdesktopentryoperation.cpp">
      <Filter>Source Files</Filter>
    </ClCompile>
    <ClCompile Include="createlinkoperation.cpp">
      <Filter>Source Files</Filter>
    </ClCompile>
    <ClCompile Include="createlocalrepositoryoperation.cpp">
      <Filter>Source Files</Filter>
    </ClCompile>
    <ClCompile Include="createshortcutoperation.cpp">
      <Filter>Source Files</Filter>
    </ClCompile>
    <ClCompile Include="downloadarchivesjob.cpp">
      <Filter>Source Files</Filter>
    </ClCompile>
    <ClCompile Include="downloadfiletask.cpp">
      <Filter>Source Files</Filter>
    </ClCompile>
    <ClCompile Include="elevatedexecuteoperation.cpp">
      <Filter>Source Files</Filter>
    </ClCompile>
    <ClCompile Include="..\kdtools\environment.cpp">
      <Filter>Source Files</Filter>
    </ClCompile>
    <ClCompile Include="environmentvariablesoperation.cpp">
      <Filter>Source Files</Filter>
    </ClCompile>
    <ClCompile Include="extractarchiveoperation.cpp">
      <Filter>Source Files</Filter>
    </ClCompile>
    <ClCompile Include="fakestopprocessforupdateoperation.cpp">
      <Filter>Source Files</Filter>
    </ClCompile>
    <ClCompile Include="..\kdtools\filedownloader.cpp">
      <Filter>Source Files</Filter>
    </ClCompile>
    <ClCompile Include="..\kdtools\filedownloaderfactory.cpp">
      <Filter>Source Files</Filter>
    </ClCompile>
    <ClCompile Include="fileio.cpp">
      <Filter>Source Files</Filter>
    </ClCompile>
    <ClCompile Include="fileutils.cpp">
      <Filter>Source Files</Filter>
    </ClCompile>
    <ClCompile Include="globals.cpp">
      <Filter>Source Files</Filter>
    </ClCompile>
    <ClCompile Include="globalsettingsoperation.cpp">
      <Filter>Source Files</Filter>
    </ClCompile>
    <ClCompile Include="init.cpp">
      <Filter>Source Files</Filter>
    </ClCompile>
    <ClCompile Include="installercalculator.cpp">
      <Filter>Source Files</Filter>
    </ClCompile>
    <ClCompile Include="installiconsoperation.cpp">
      <Filter>Source Files</Filter>
    </ClCompile>
    <ClCompile Include="..\kdtools\job.cpp">
      <Filter>Source Files</Filter>
    </ClCompile>
    <ClCompile Include="..\kdtools\kdsysinfo_win.cpp">
      <Filter>Source Files</Filter>
    </ClCompile>
    <ClCompile Include="keepaliveobject.cpp">
      <Filter>Source Files</Filter>
    </ClCompile>
    <ClCompile Include="lazyplaintextedit.cpp">
      <Filter>Source Files</Filter>
    </ClCompile>
    <ClCompile Include="lib7z_facade.cpp">
      <Filter>Source Files</Filter>
    </ClCompile>
    <ClCompile Include="licenseoperation.cpp">
      <Filter>Source Files</Filter>
    </ClCompile>
    <ClCompile Include="linereplaceoperation.cpp">
      <Filter>Source Files</Filter>
    </ClCompile>
    <ClCompile Include="link.cpp">
      <Filter>Source Files</Filter>
    </ClCompile>
    <ClCompile Include="..\kdtools\localpackagehub.cpp">
      <Filter>Source Files</Filter>
    </ClCompile>
    <ClCompile Include="..\kdtools\lockfile.cpp">
      <Filter>Source Files</Filter>
    </ClCompile>
    <ClCompile Include="..\kdtools\lockfile_win.cpp">
      <Filter>Source Files</Filter>
    </ClCompile>
    <ClCompile Include="messageboxhandler.cpp">
      <Filter>Source Files</Filter>
    </ClCompile>
    <ClCompile Include="metadatajob.cpp">
      <Filter>Source Files</Filter>
    </ClCompile>
    <ClCompile Include="minimumprogressoperation.cpp">
      <Filter>Source Files</Filter>
    </ClCompile>
    <ClCompile Include="observer.cpp">
      <Filter>Source Files</Filter>
    </ClCompile>
    <ClCompile Include="packagemanagercore.cpp">
      <Filter>Source Files</Filter>
    </ClCompile>
    <ClCompile Include="packagemanagercore_p.cpp">
      <Filter>Source Files</Filter>
    </ClCompile>
    <ClCompile Include="packagemanagercoredata.cpp">
      <Filter>Source Files</Filter>
    </ClCompile>
    <ClCompile Include="packagemanagergui.cpp">
      <Filter>Source Files</Filter>
    </ClCompile>
    <ClCompile Include="packagemanagerpagefactory.cpp">
      <Filter>Source Files</Filter>
    </ClCompile>
    <ClCompile Include="packagemanagerproxyfactory.cpp">
      <Filter>Source Files</Filter>
    </ClCompile>
    <ClCompile Include="packagesource.cpp">
      <Filter>Source Files</Filter>
    </ClCompile>
    <ClCompile Include="performinstallationform.cpp">
      <Filter>Source Files</Filter>
    </ClCompile>
    <ClCompile Include="permissionsettings.cpp">
      <Filter>Source Files</Filter>
    </ClCompile>
    <ClCompile Include="productkeycheck.cpp">
      <Filter>Source Files</Filter>
    </ClCompile>
    <ClCompile Include="progresscoordinator.cpp">
      <Filter>Source Files</Filter>
    </ClCompile>
    <ClCompile Include="protocol.cpp">
      <Filter>Source Files</Filter>
    </ClCompile>
    <ClCompile Include="proxycredentialsdialog.cpp">
      <Filter>Source Files</Filter>
    </ClCompile>
    <ClCompile Include="qprocesswrapper.cpp">
      <Filter>Source Files</Filter>
    </ClCompile>
    <ClCompile Include="qsettingswrapper.cpp">
      <Filter>Source Files</Filter>
    </ClCompile>
    <ClCompile Include="qtpatch.cpp">
      <Filter>Source Files</Filter>
    </ClCompile>
    <ClCompile Include="registerfiletypeoperation.cpp">
      <Filter>Source Files</Filter>
    </ClCompile>
    <ClCompile Include="remoteclient.cpp">
      <Filter>Source Files</Filter>
    </ClCompile>
    <ClCompile Include="remotefileengine.cpp">
      <Filter>Source Files</Filter>
    </ClCompile>
    <ClCompile Include="remoteobject.cpp">
      <Filter>Source Files</Filter>
    </ClCompile>
    <ClCompile Include="remoteserver.cpp">
      <Filter>Source Files</Filter>
    </ClCompile>
    <ClCompile Include="remoteserverconnection.cpp">
      <Filter>Source Files</Filter>
    </ClCompile>
    <ClCompile Include="replaceoperation.cpp">
      <Filter>Source Files</Filter>
    </ClCompile>
    <ClCompile Include="repository.cpp">
      <Filter>Source Files</Filter>
    </ClCompile>
    <ClCompile Include="repositorycategory.cpp">
      <Filter>Source Files</Filter>
    </ClCompile>
    <ClCompile Include="..\kdtools\runoncechecker.cpp">
      <Filter>Source Files</Filter>
    </ClCompile>
    <ClCompile Include="scriptengine.cpp">
      <Filter>Source Files</Filter>
    </ClCompile>
    <ClCompile Include="..\kdtools\selfrestarter.cpp">
      <Filter>Source Files</Filter>
    </ClCompile>
    <ClCompile Include="selfrestartoperation.cpp">
      <Filter>Source Files</Filter>
    </ClCompile>
    <ClCompile Include="serverauthenticationdialog.cpp">
      <Filter>Source Files</Filter>
    </ClCompile>
    <ClCompile Include="settings.cpp">
      <Filter>Source Files</Filter>
    </ClCompile>
    <ClCompile Include="settingsoperation.cpp">
      <Filter>Source Files</Filter>
    </ClCompile>
    <ClCompile Include="simplemovefileoperation.cpp">
      <Filter>Source Files</Filter>
    </ClCompile>
    <ClCompile Include="..\kdtools\sysinfo.cpp">
      <Filter>Source Files</Filter>
    </ClCompile>
    <ClCompile Include="sysinfo_win.cpp">
      <Filter>Source Files</Filter>
    </ClCompile>
    <ClCompile Include="systeminfo.cpp">
      <Filter>Source Files</Filter>
    </ClCompile>
    <ClCompile Include="..\kdtools\task.cpp">
      <Filter>Source Files</Filter>
    </ClCompile>
    <ClCompile Include="testrepository.cpp">
      <Filter>Source Files</Filter>
    </ClCompile>
    <ClCompile Include="uninstallercalculator.cpp">
      <Filter>Source Files</Filter>
    </ClCompile>
    <ClCompile Include="unziptask.cpp">
      <Filter>Source Files</Filter>
    </ClCompile>
    <ClCompile Include="..\kdtools\update.cpp">
      <Filter>Source Files</Filter>
    </ClCompile>
    <ClCompile Include="..\kdtools\updatefinder.cpp">
      <Filter>Source Files</Filter>
    </ClCompile>
    <ClCompile Include="..\kdtools\updateoperation.cpp">
      <Filter>Source Files</Filter>
    </ClCompile>
    <ClCompile Include="..\kdtools\updateoperationfactory.cpp">
      <Filter>Source Files</Filter>
    </ClCompile>
    <ClCompile Include="..\kdtools\updateoperations.cpp">
      <Filter>Source Files</Filter>
    </ClCompile>
    <ClCompile Include="..\kdtools\updatesinfo.cpp">
      <Filter>Source Files</Filter>
    </ClCompile>
    <ClCompile Include="utils.cpp">
      <Filter>Source Files</Filter>
    </ClCompile>
  </ItemGroup>
  <ItemGroup>
    <CustomBuild Include="abstractfiletask.h">
      <Filter>Header Files</Filter>
    </CustomBuild>
    <ClInclude Include="abstracttask.h">
      <Filter>Header Files</Filter>
    </ClInclude>
    <ClInclude Include="adminauthorization.h">
      <Filter>Header Files</Filter>
    </ClInclude>
    <CustomBuild Include="aspectratiolabel.h">
      <Filter>Header Files</Filter>
    </CustomBuild>
    <ClInclude Include="binarycontent.h">
      <Filter>Header Files</Filter>
    </ClInclude>
    <CustomBuild Include="binaryformat.h">
      <Filter>Header Files</Filter>
    </CustomBuild>
    <ClInclude Include="binaryformatengine.h">
      <Filter>Header Files</Filter>
    </ClInclude>
    <ClInclude Include="binaryformatenginehandler.h">
      <Filter>Header Files</Filter>
    </ClInclude>
    <ClInclude Include="binarylayout.h">
      <Filter>Header Files</Filter>
    </ClInclude>
    <ClInclude Include="commandlineparser.h">
      <Filter>Header Files</Filter>
    </ClInclude>
    <ClInclude Include="commandlineparser_p.h">
      <Filter>Header Files</Filter>
    </ClInclude>
    <CustomBuild Include="component.h">
      <Filter>Header Files</Filter>
    </CustomBuild>
    <ClInclude Include="component_p.h">
      <Filter>Header Files</Filter>
    </ClInclude>
    <ClInclude Include="componentchecker.h">
      <Filter>Header Files</Filter>
    </ClInclude>
    <CustomBuild Include="componentmodel.h">
      <Filter>Header Files</Filter>
    </CustomBuild>
    <CustomBuild Include="componentselectionpage_p.h">
      <Filter>Header Files</Filter>
    </CustomBuild>
    <ClInclude Include="constants.h">
      <Filter>Header Files</Filter>
    </ClInclude>
    <ClInclude Include="consumeoutputoperation.h">
      <Filter>Header Files</Filter>
    </ClInclude>
    <CustomBuild Include="copydirectoryoperation.h">
      <Filter>Header Files</Filter>
    </CustomBuild>
    <CustomBuild Include="copyfiletask.h">
      <Filter>Header Files</Filter>
    </CustomBuild>
    <ClInclude Include="createdesktopentryoperation.h">
      <Filter>Header Files</Filter>
    </ClInclude>
    <ClInclude Include="createlinkoperation.h">
      <Filter>Header Files</Filter>
    </ClInclude>
    <CustomBuild Include="createlocalrepositoryoperation.h">
      <Filter>Header Files</Filter>
    </CustomBuild>
    <ClInclude Include="createshortcutoperation.h">
      <Filter>Header Files</Filter>
    </ClInclude>
    <CustomBuild Include="downloadarchivesjob.h">
      <Filter>Header Files</Filter>
    </CustomBuild>
    <CustomBuild Include="downloadfiletask.h">
      <Filter>Header Files</Filter>
    </CustomBuild>
    <CustomBuild Include="downloadfiletask_p.h">
      <Filter>Header Files</Filter>
    </CustomBuild>
    <CustomBuild Include="elevatedexecuteoperation.h">
      <Filter>Header Files</Filter>
    </CustomBuild>
    <ClInclude Include="..\kdtools\environment.h">
      <Filter>Header Files</Filter>
    </ClInclude>
    <ClInclude Include="environmentvariablesoperation.h">
      <Filter>Header Files</Filter>
    </ClInclude>
    <ClInclude Include="errors.h">
      <Filter>Header Files</Filter>
    </ClInclude>
    <CustomBuild Include="extractarchiveoperation.h">
      <Filter>Header Files</Filter>
    </CustomBuild>
    <CustomBuild Include="extractarchiveoperation_p.h">
      <Filter>Header Files</Filter>
    </CustomBuild>
    <CustomBuild Include="fakestopprocessforupdateoperation.h">
      <Filter>Header Files</Filter>
    </CustomBuild>
    <CustomBuild Include="..\kdtools\filedownloader.h">
      <Filter>Header Files</Filter>
    </CustomBuild>
    <CustomBuild Include="..\kdtools\filedownloader_p.h">
      <Filter>Header Files</Filter>
    </CustomBuild>
    <ClInclude Include="..\kdtools\filedownloaderfactory.h">
      <Filter>Header Files</Filter>
    </ClInclude>
    <ClInclude Include="fileio.h">
      <Filter>Header Files</Filter>
    </ClInclude>
    <ClInclude Include="..\kdtools\genericfactory.h">
      <Filter>Header Files</Filter>
    </ClInclude>
    <ClInclude Include="globals.h">
      <Filter>Header Files</Filter>
    </ClInclude>
    <ClInclude Include="globalsettingsoperation.h">
      <Filter>Header Files</Filter>
    </ClInclude>
    <ClInclude Include="graph.h">
      <Filter>Header Files</Filter>
    </ClInclude>
    <ClInclude Include="init.h">
      <Filter>Header Files</Filter>
    </ClInclude>
    <ClInclude Include="installer_global.h">
      <Filter>Header Files</Filter>
    </ClInclude>
    <ClInclude Include="installercalculator.h">
      <Filter>Header Files</Filter>
    </ClInclude>
    <CustomBuild Include="installiconsoperation.h">
      <Filter>Header Files</Filter>
    </CustomBuild>
    <CustomBuild Include="..\kdtools\job.h">
      <Filter>Header Files</Filter>
    </CustomBuild>
    <ClInclude Include="..\kdtools\kdtoolsglobal.h">
      <Filter>Header Files</Filter>
    </ClInclude>
    <CustomBuild Include="keepaliveobject.h">
      <Filter>Header Files</Filter>
    </CustomBuild>
    <CustomBuild Include="lazyplaintextedit.h">
      <Filter>Header Files</Filter>
    </CustomBuild>
    <ClInclude Include="lib7z_create.h">
      <Filter>Header Files</Filter>
    </ClInclude>
    <ClInclude Include="lib7z_extract.h">
      <Filter>Header Files</Filter>
    </ClInclude>
    <ClInclude Include="lib7z_facade.h">
      <Filter>Header Files</Filter>
    </ClInclude>
    <ClInclude Include="lib7z_guid.h">
      <Filter>Header Files</Filter>
    </ClInclude>
    <ClInclude Include="lib7z_list.h">
      <Filter>Header Files</Filter>
    </ClInclude>
    <ClInclude Include="licenseoperation.h">
      <Filter>Header Files</Filter>
    </ClInclude>
    <ClInclude Include="linereplaceoperation.h">
      <Filter>Header Files</Filter>
    </ClInclude>
    <ClInclude Include="link.h">
      <Filter>Header Files</Filter>
    </ClInclude>
    <ClInclude Include="..\kdtools\localpackagehub.h">
      <Filter>Header Files</Filter>
    </ClInclude>
    <ClInclude Include="..\kdtools\lockfile.h">
      <Filter>Header Files</Filter>
    </ClInclude>
    <CustomBuild Include="messageboxhandler.h">
      <Filter>Header Files</Filter>
    </CustomBuild>
    <CustomBuild Include="metadatajob.h">
      <Filter>Header Files</Filter>
    </CustomBuild>
    <CustomBuild Include="metadatajob_p.h">
      <Filter>Header Files</Filter>
    </CustomBuild>
    <CustomBuild Include="minimumprogressoperation.h">
      <Filter>Header Files</Filter>
    </CustomBuild>
    <CustomBuild Include="observer.h">
      <Filter>Header Files</Filter>
    </CustomBuild>
    <CustomBuild Include="packagemanagercore.h">
      <Filter>Header Files</Filter>
    </CustomBuild>
    <CustomBuild Include="packagemanagercore_p.h">
      <Filter>Header Files</Filter>
    </CustomBuild>
    <ClInclude Include="packagemanagercoredata.h">
      <Filter>Header Files</Filter>
    </ClInclude>
    <CustomBuild Include="packagemanagergui.h">
      <Filter>Header Files</Filter>
    </CustomBuild>
    <ClInclude Include="packagemanagerpagefactory.h">
      <Filter>Header Files</Filter>
    </ClInclude>
    <ClInclude Include="packagemanagerproxyfactory.h">
      <Filter>Header Files</Filter>
    </ClInclude>
    <ClInclude Include="packagesource.h">
      <Filter>Header Files</Filter>
    </ClInclude>
    <CustomBuild Include="performinstallationform.h">
      <Filter>Header Files</Filter>
    </CustomBuild>
    <ClInclude Include="permissionsettings.h">
      <Filter>Header Files</Filter>
    </ClInclude>
    <ClInclude Include="productkeycheck.h">
      <Filter>Header Files</Filter>
    </ClInclude>
    <CustomBuild Include="progresscoordinator.h">
      <Filter>Header Files</Filter>
    </CustomBuild>
    <ClInclude Include="protocol.h">
      <Filter>Header Files</Filter>
    </ClInclude>
    <CustomBuild Include="proxycredentialsdialog.h">
      <Filter>Header Files</Filter>
    </CustomBuild>
    <ClInclude Include="qinstallerglobal.h">
      <Filter>Header Files</Filter>
    </ClInclude>
    <CustomBuild Include="qprocesswrapper.h">
      <Filter>Header Files</Filter>
    </CustomBuild>
    <CustomBuild Include="qsettingswrapper.h">
      <Filter>Header Files</Filter>
    </CustomBuild>
    <ClInclude Include="qtpatch.h">
      <Filter>Header Files</Filter>
    </ClInclude>
    <CustomBuild Include="registerfiletypeoperation.h">
      <Filter>Header Files</Filter>
    </CustomBuild>
    <ClInclude Include="remoteclient.h">
      <Filter>Header Files</Filter>
    </ClInclude>
    <ClInclude Include="remoteclient_p.h">
      <Filter>Header Files</Filter>
    </ClInclude>
    <ClInclude Include="remotefileengine.h">
      <Filter>Header Files</Filter>
    </ClInclude>
    <CustomBuild Include="remoteobject.h">
      <Filter>Header Files</Filter>
    </CustomBuild>
    <CustomBuild Include="remoteserver.h">
      <Filter>Header Files</Filter>
    </CustomBuild>
    <CustomBuild Include="remoteserver_p.h">
      <Filter>Header Files</Filter>
    </CustomBuild>
    <CustomBuild Include="remoteserverconnection.h">
      <Filter>Header Files</Filter>
    </CustomBuild>
    <CustomBuild Include="remoteserverconnection_p.h">
      <Filter>Header Files</Filter>
    </CustomBuild>
    <ClInclude Include="replaceoperation.h">
      <Filter>Header Files</Filter>
    </ClInclude>
    <ClInclude Include="repository.h">
      <Filter>Header Files</Filter>
    </ClInclude>
    <ClInclude Include="repositorycategory.h">
      <Filter>Header Files</Filter>
    </ClInclude>
    <ClInclude Include="runextensions.h">
      <Filter>Header Files</Filter>
    </ClInclude>
    <ClInclude Include="..\kdtools\runoncechecker.h">
      <Filter>Header Files</Filter>
    </ClInclude>
    <CustomBuild Include="scriptengine.h">
      <Filter>Header Files</Filter>
    </CustomBuild>
    <CustomBuild Include="scriptengine_p.h">
      <Filter>Header Files</Filter>
    </CustomBuild>
    <ClInclude Include="..\kdtools\selfrestarter.h">
      <Filter>Header Files</Filter>
    </ClInclude>
    <ClInclude Include="selfrestartoperation.h">
      <Filter>Header Files</Filter>
    </ClInclude>
    <CustomBuild Include="serverauthenticationdialog.h">
      <Filter>Header Files</Filter>
    </CustomBuild>
    <ClInclude Include="settings.h">
      <Filter>Header Files</Filter>
    </ClInclude>
    <ClInclude Include="settingsoperation.h">
      <Filter>Header Files</Filter>
    </ClInclude>
    <CustomBuild Include="simplemovefileoperation.h">
      <Filter>Header Files</Filter>
    </CustomBuild>
    <ClInclude Include="..\kdtools\sysinfo.h">
      <Filter>Header Files</Filter>
    </ClInclude>
    <CustomBuild Include="systeminfo.h">
      <Filter>Header Files</Filter>
    </CustomBuild>
    <CustomBuild Include="..\kdtools\task.h">
      <Filter>Header Files</Filter>
    </CustomBuild>
    <CustomBuild Include="testrepository.h">
      <Filter>Header Files</Filter>
    </CustomBuild>
    <ClInclude Include="uninstallercalculator.h">
      <Filter>Header Files</Filter>
    </ClInclude>
    <ClInclude Include="unziptask.h">
      <Filter>Header Files</Filter>
    </ClInclude>
    <ClInclude Include="..\kdtools\update.h">
      <Filter>Header Files</Filter>
    </ClInclude>
    <CustomBuild Include="..\kdtools\updatefinder.h">
      <Filter>Header Files</Filter>
    </CustomBuild>
    <ClInclude Include="..\kdtools\updateoperation.h">
      <Filter>Header Files</Filter>
    </ClInclude>
    <ClInclude Include="..\kdtools\updateoperationfactory.h">
      <Filter>Header Files</Filter>
    </ClInclude>
    <ClInclude Include="..\kdtools\updateoperations.h">
      <Filter>Header Files</Filter>
    </ClInclude>
    <ClInclude Include="..\kdtools\updater.h">
      <Filter>Header Files</Filter>
    </ClInclude>
    <ClInclude Include="..\kdtools\updatesinfo_p.h">
      <Filter>Header Files</Filter>
    </ClInclude>
    <ClInclude Include="..\kdtools\updatesinfodata_p.h">
      <Filter>Header Files</Filter>
    </ClInclude>
    <ClInclude Include="utils.h">
      <Filter>Header Files</Filter>
    </ClInclude>
  </ItemGroup>
  <ItemGroup>
    <ClCompile Include="debug\moc_abstractfiletask.cpp">
      <Filter>Generated Files</Filter>
    </ClCompile>
    <ClCompile Include="release\moc_abstractfiletask.cpp">
      <Filter>Generated Files</Filter>
    </ClCompile>
    <ClCompile Include="debug\moc_aspectratiolabel.cpp">
      <Filter>Generated Files</Filter>
    </ClCompile>
    <ClCompile Include="release\moc_aspectratiolabel.cpp">
      <Filter>Generated Files</Filter>
    </ClCompile>
    <ClCompile Include="debug\moc_binaryformat.cpp">
      <Filter>Generated Files</Filter>
    </ClCompile>
    <ClCompile Include="release\moc_binaryformat.cpp">
      <Filter>Generated Files</Filter>
    </ClCompile>
    <ClCompile Include="debug\moc_component.cpp">
      <Filter>Generated Files</Filter>
    </ClCompile>
    <ClCompile Include="release\moc_component.cpp">
      <Filter>Generated Files</Filter>
    </ClCompile>
    <ClCompile Include="debug\moc_componentmodel.cpp">
      <Filter>Generated Files</Filter>
    </ClCompile>
    <ClCompile Include="release\moc_componentmodel.cpp">
      <Filter>Generated Files</Filter>
    </ClCompile>
    <ClCompile Include="debug\moc_componentselectionpage_p.cpp">
      <Filter>Generated Files</Filter>
    </ClCompile>
    <ClCompile Include="release\moc_componentselectionpage_p.cpp">
      <Filter>Generated Files</Filter>
    </ClCompile>
    <ClCompile Include="debug\moc_copydirectoryoperation.cpp">
      <Filter>Generated Files</Filter>
    </ClCompile>
    <ClCompile Include="release\moc_copydirectoryoperation.cpp">
      <Filter>Generated Files</Filter>
    </ClCompile>
    <ClCompile Include="debug\moc_copyfiletask.cpp">
      <Filter>Generated Files</Filter>
    </ClCompile>
    <ClCompile Include="release\moc_copyfiletask.cpp">
      <Filter>Generated Files</Filter>
    </ClCompile>
    <ClCompile Include="debug\moc_createlocalrepositoryoperation.cpp">
      <Filter>Generated Files</Filter>
    </ClCompile>
    <ClCompile Include="release\moc_createlocalrepositoryoperation.cpp">
      <Filter>Generated Files</Filter>
    </ClCompile>
    <ClCompile Include="debug\moc_downloadarchivesjob.cpp">
      <Filter>Generated Files</Filter>
    </ClCompile>
    <ClCompile Include="release\moc_downloadarchivesjob.cpp">
      <Filter>Generated Files</Filter>
    </ClCompile>
    <ClCompile Include="debug\moc_downloadfiletask.cpp">
      <Filter>Generated Files</Filter>
    </ClCompile>
    <ClCompile Include="release\moc_downloadfiletask.cpp">
      <Filter>Generated Files</Filter>
    </ClCompile>
    <ClCompile Include="debug\moc_downloadfiletask_p.cpp">
      <Filter>Generated Files</Filter>
    </ClCompile>
    <ClCompile Include="release\moc_downloadfiletask_p.cpp">
      <Filter>Generated Files</Filter>
    </ClCompile>
    <ClCompile Include="debug\moc_extractarchiveoperation.cpp">
      <Filter>Generated Files</Filter>
    </ClCompile>
    <ClCompile Include="release\moc_extractarchiveoperation.cpp">
      <Filter>Generated Files</Filter>
    </ClCompile>
    <ClCompile Include="debug\moc_extractarchiveoperation_p.cpp">
      <Filter>Generated Files</Filter>
    </ClCompile>
    <ClCompile Include="release\moc_extractarchiveoperation_p.cpp">
      <Filter>Generated Files</Filter>
    </ClCompile>
    <ClCompile Include="debug\moc_fakestopprocessforupdateoperation.cpp">
      <Filter>Generated Files</Filter>
    </ClCompile>
    <ClCompile Include="release\moc_fakestopprocessforupdateoperation.cpp">
      <Filter>Generated Files</Filter>
    </ClCompile>
    <ClCompile Include="debug\moc_filedownloader.cpp">
      <Filter>Generated Files</Filter>
    </ClCompile>
    <ClCompile Include="release\moc_filedownloader.cpp">
      <Filter>Generated Files</Filter>
    </ClCompile>
    <ClCompile Include="debug\moc_filedownloader_p.cpp">
      <Filter>Generated Files</Filter>
    </ClCompile>
    <ClCompile Include="release\moc_filedownloader_p.cpp">
      <Filter>Generated Files</Filter>
    </ClCompile>
    <ClCompile Include="debug\moc_installiconsoperation.cpp">
      <Filter>Generated Files</Filter>
    </ClCompile>
    <ClCompile Include="release\moc_installiconsoperation.cpp">
      <Filter>Generated Files</Filter>
    </ClCompile>
    <ClCompile Include="debug\moc_keepaliveobject.cpp">
      <Filter>Generated Files</Filter>
    </ClCompile>
    <ClCompile Include="release\moc_keepaliveobject.cpp">
      <Filter>Generated Files</Filter>
    </ClCompile>
    <ClCompile Include="debug\moc_lazyplaintextedit.cpp">
      <Filter>Generated Files</Filter>
    </ClCompile>
    <ClCompile Include="release\moc_lazyplaintextedit.cpp">
      <Filter>Generated Files</Filter>
    </ClCompile>
    <ClCompile Include="debug\moc_messageboxhandler.cpp">
      <Filter>Generated Files</Filter>
    </ClCompile>
    <ClCompile Include="release\moc_messageboxhandler.cpp">
      <Filter>Generated Files</Filter>
    </ClCompile>
    <ClCompile Include="debug\moc_metadatajob.cpp">
      <Filter>Generated Files</Filter>
    </ClCompile>
    <ClCompile Include="release\moc_metadatajob.cpp">
      <Filter>Generated Files</Filter>
    </ClCompile>
    <ClCompile Include="debug\moc_metadatajob_p.cpp">
      <Filter>Generated Files</Filter>
    </ClCompile>
    <ClCompile Include="release\moc_metadatajob_p.cpp">
      <Filter>Generated Files</Filter>
    </ClCompile>
    <ClCompile Include="debug\moc_minimumprogressoperation.cpp">
      <Filter>Generated Files</Filter>
    </ClCompile>
    <ClCompile Include="release\moc_minimumprogressoperation.cpp">
      <Filter>Generated Files</Filter>
    </ClCompile>
    <ClCompile Include="debug\moc_observer.cpp">
      <Filter>Generated Files</Filter>
    </ClCompile>
    <ClCompile Include="release\moc_observer.cpp">
      <Filter>Generated Files</Filter>
    </ClCompile>
    <ClCompile Include="debug\moc_packagemanagercore.cpp">
      <Filter>Generated Files</Filter>
    </ClCompile>
    <ClCompile Include="release\moc_packagemanagercore.cpp">
      <Filter>Generated Files</Filter>
    </ClCompile>
    <ClCompile Include="debug\moc_packagemanagercore_p.cpp">
      <Filter>Generated Files</Filter>
    </ClCompile>
    <ClCompile Include="release\moc_packagemanagercore_p.cpp">
      <Filter>Generated Files</Filter>
    </ClCompile>
    <ClCompile Include="debug\moc_performinstallationform.cpp">
      <Filter>Generated Files</Filter>
    </ClCompile>
    <ClCompile Include="release\moc_performinstallationform.cpp">
      <Filter>Generated Files</Filter>
    </ClCompile>
    <CustomBuild Include="debug\moc_predefs.h.cbt">
      <Filter>Generated Files</Filter>
    </CustomBuild>
    <CustomBuild Include="release\moc_predefs.h.cbt">
      <Filter>Generated Files</Filter>
    </CustomBuild>
    <ClCompile Include="debug\moc_progresscoordinator.cpp">
      <Filter>Generated Files</Filter>
    </ClCompile>
    <ClCompile Include="release\moc_progresscoordinator.cpp">
      <Filter>Generated Files</Filter>
    </ClCompile>
    <ClCompile Include="debug\moc_proxycredentialsdialog.cpp">
      <Filter>Generated Files</Filter>
    </ClCompile>
    <ClCompile Include="release\moc_proxycredentialsdialog.cpp">
      <Filter>Generated Files</Filter>
    </ClCompile>
    <ClCompile Include="debug\moc_qprocesswrapper.cpp">
      <Filter>Generated Files</Filter>
    </ClCompile>
    <ClCompile Include="release\moc_qprocesswrapper.cpp">
      <Filter>Generated Files</Filter>
    </ClCompile>
    <ClCompile Include="debug\moc_qsettingswrapper.cpp">
      <Filter>Generated Files</Filter>
    </ClCompile>
    <ClCompile Include="release\moc_qsettingswrapper.cpp">
      <Filter>Generated Files</Filter>
    </ClCompile>
    <ClCompile Include="debug\moc_registerfiletypeoperation.cpp">
      <Filter>Generated Files</Filter>
    </ClCompile>
    <ClCompile Include="release\moc_registerfiletypeoperation.cpp">
      <Filter>Generated Files</Filter>
    </ClCompile>
    <ClCompile Include="debug\moc_remoteobject.cpp">
      <Filter>Generated Files</Filter>
    </ClCompile>
    <ClCompile Include="release\moc_remoteobject.cpp">
      <Filter>Generated Files</Filter>
    </ClCompile>
    <ClCompile Include="debug\moc_remoteserver.cpp">
      <Filter>Generated Files</Filter>
    </ClCompile>
    <ClCompile Include="release\moc_remoteserver.cpp">
      <Filter>Generated Files</Filter>
    </ClCompile>
    <ClCompile Include="debug\moc_remoteserver_p.cpp">
      <Filter>Generated Files</Filter>
    </ClCompile>
    <ClCompile Include="release\moc_remoteserver_p.cpp">
      <Filter>Generated Files</Filter>
    </ClCompile>
    <ClCompile Include="debug\moc_remoteserverconnection.cpp">
      <Filter>Generated Files</Filter>
    </ClCompile>
    <ClCompile Include="release\moc_remoteserverconnection.cpp">
      <Filter>Generated Files</Filter>
    </ClCompile>
    <ClCompile Include="debug\moc_remoteserverconnection_p.cpp">
      <Filter>Generated Files</Filter>
    </ClCompile>
    <ClCompile Include="release\moc_remoteserverconnection_p.cpp">
      <Filter>Generated Files</Filter>
    </ClCompile>
    <ClCompile Include="debug\moc_scriptengine.cpp">
      <Filter>Generated Files</Filter>
    </ClCompile>
    <ClCompile Include="release\moc_scriptengine.cpp">
      <Filter>Generated Files</Filter>
    </ClCompile>
    <ClCompile Include="debug\moc_scriptengine_p.cpp">
      <Filter>Generated Files</Filter>
    </ClCompile>
    <ClCompile Include="release\moc_scriptengine_p.cpp">
      <Filter>Generated Files</Filter>
    </ClCompile>
    <ClCompile Include="debug\moc_serverauthenticationdialog.cpp">
      <Filter>Generated Files</Filter>
    </ClCompile>
    <ClCompile Include="release\moc_serverauthenticationdialog.cpp">
      <Filter>Generated Files</Filter>
    </ClCompile>
    <ClCompile Include="debug\moc_simplemovefileoperation.cpp">
      <Filter>Generated Files</Filter>
    </ClCompile>
    <ClCompile Include="release\moc_simplemovefileoperation.cpp">
      <Filter>Generated Files</Filter>
    </ClCompile>
    <ClCompile Include="debug\moc_systeminfo.cpp">
      <Filter>Generated Files</Filter>
    </ClCompile>
    <ClCompile Include="release\moc_systeminfo.cpp">
      <Filter>Generated Files</Filter>
    </ClCompile>
    <ClCompile Include="debug\moc_task.cpp">
      <Filter>Generated Files</Filter>
    </ClCompile>
    <ClCompile Include="release\moc_task.cpp">
      <Filter>Generated Files</Filter>
    </ClCompile>
    <ClCompile Include="debug\moc_testrepository.cpp">
      <Filter>Generated Files</Filter>
    </ClCompile>
    <ClCompile Include="release\moc_testrepository.cpp">
      <Filter>Generated Files</Filter>
    </ClCompile>
    <CustomBuild Include="debug\packagemanagergui.moc.cbt">
      <Filter>Generated Files</Filter>
    </CustomBuild>
    <CustomBuild Include="release\packagemanagergui.moc.cbt">
      <Filter>Generated Files</Filter>
    </CustomBuild>
    <ClCompile Include="debug\qrc_installer.cpp">
      <Filter>Generated Files</Filter>
    </ClCompile>
    <ClCompile Include="release\qrc_installer.cpp">
      <Filter>Generated Files</Filter>
    </ClCompile>
    <ClInclude Include="ui_authenticationdialog.h">
      <Filter>Generated Files</Filter>
    </ClInclude>
    <ClInclude Include="ui_proxycredentialsdialog.h">
      <Filter>Generated Files</Filter>
    </ClInclude>
    <ClInclude Include="ui_serverauthenticationdialog.h">
      <Filter>Generated Files</Filter>
    </ClInclude>
  </ItemGroup>
  <ItemGroup>
    <CustomBuild Include="..\kdtools\authenticationdialog.ui">
      <Filter>Form Files</Filter>
    </CustomBuild>
    <CustomBuild Include="proxycredentialsdialog.ui">
      <Filter>Form Files</Filter>
    </CustomBuild>
    <CustomBuild Include="serverauthenticationdialog.ui">
      <Filter>Form Files</Filter>
    </CustomBuild>
  </ItemGroup>
  <ItemGroup>
    <None Include="resources\install.png">
      <Filter>Resource Files</Filter>
    </None>
    <None Include="resources\installer.icns">
      <Filter>Resource Files</Filter>
    </None>
    <None Include="resources\installer.ico">
      <Filter>Resource Files</Filter>
    </None>
    <None Include="resources\installer.png">
      <Filter>Resource Files</Filter>
    </None>
    <CustomBuild Include="resources\installer.qrc">
      <Filter>Resource Files</Filter>
    </CustomBuild>
    <None Include="resources\keepinstalled.png">
      <Filter>Resource Files</Filter>
    </None>
    <None Include="resources\keepuninstalled.png">
      <Filter>Resource Files</Filter>
    </None>
    <None Include="resources\uninstall.png">
      <Filter>Resource Files</Filter>
    </None>
  </ItemGroup>
</Project>